Microsoft Visual Studio Solution File, Format Version 12.00
# Visual Studio 2012
Project("{FAE04EC0-301F-11D3-BF4B-00C04F79EFBC}") = "EFinish video game", "EFinish video game.csproj", "{B1DE93E0-7BAF-480C-ADC3-EC83C8BBF7CA}"
EndProject
Global
	GlobalSection(SolutionConfigurationPlatforms) = preSolution
	Debug|Any CPU = Debug|Any CPU
	ExportDebug|Any CPU = ExportDebug|Any CPU
	ExportRelease|Any CPU = ExportRelease|Any CPU
	EndGlobalSection
	GlobalSection(ProjectConfigurationPlatforms) = postSolution
		{B1DE93E0-7BAF-480C-ADC3-EC83C8BBF7CA}.Debug|Any CPU.ActiveCfg = Debug|Any CPU
		{B1DE93E0-7BAF-480C-ADC3-EC83C8BBF7CA}.Debug|Any CPU.Build.0 = Debug|Any CPU
		{B1DE93E0-7BAF-480C-ADC3-EC83C8BBF7CA}.ExportDebug|Any CPU.ActiveCfg = ExportDebug|Any CPU
		{B1DE93E0-7BAF-480C-ADC3-EC83C8BBF7CA}.ExportDebug|Any CPU.Build.0 = ExportDebug|Any CPU
		{B1DE93E0-7BAF-480C-ADC3-EC83C8BBF7CA}.ExportRelease|Any CPU.ActiveCfg = ExportRelease|Any CPU
		{B1DE93E0-7BAF-480C-ADC3-EC83C8BBF7CA}.ExportRelease|Any CPU.Build.0 = ExportRelease|Any CPU
	EndGlobalSection
EndGlobal
